// !$*UTF8*$!
{
	archiveVersion = 1;
	classes = {
	};
	objectVersion = 55;
	objects = {

/* Begin PBXBuildFile section */
		AB600D342875FDE8009B5D63 /* FEMTimeTrackingDashboardApp.swift in Sources */ = {isa = PBXBuildFile; fileRef = AB600D332875FDE8009B5D63 /* FEMTimeTrackingDashboardApp.swift */; };
		AB600D362875FDE8009B5D63 /* ContentView.swift in Sources */ = {isa = PBXBuildFile; fileRef = AB600D352875FDE8009B5D63 /* ContentView.swift */; };
		AB600D382875FDE9009B5D63 /* Assets.xcassets in Resources */ = {isa = PBXBuildFile; fileRef = AB600D372875FDE9009B5D63 /* Assets.xcassets */; };
		AB600D3B2875FDE9009B5D63 /* Preview Assets.xcassets in Resources */ = {isa = PBXBuildFile; fileRef = AB600D3A2875FDE9009B5D63 /* Preview Assets.xcassets */; };
		AB600D422875FF27009B5D63 /* data.json in Resources */ = {isa = PBXBuildFile; fileRef = AB600D412875FF27009B5D63 /* data.json */; };
		AB600D442875FFA2009B5D63 /* Extensions.swift in Sources */ = {isa = PBXBuildFile; fileRef = AB600D432875FFA2009B5D63 /* Extensions.swift */; };
		AB600D4728760000009B5D63 /* Rubik-Regular.ttf in Resources */ = {isa = PBXBuildFile; fileRef = AB600D4628760000009B5D63 /* Rubik-Regular.ttf */; };
		AB600D4928760008009B5D63 /* Rubik-Medium.ttf in Resources */ = {isa = PBXBuildFile; fileRef = AB600D4828760008009B5D63 /* Rubik-Medium.ttf */; };
		AB600D4B28760010009B5D63 /* Rubik-Bold.ttf in Resources */ = {isa = PBXBuildFile; fileRef = AB600D4A28760010009B5D63 /* Rubik-Bold.ttf */; };
		AB600D4D2876001C009B5D63 /* Rubik-Black.ttf in Resources */ = {isa = PBXBuildFile; fileRef = AB600D4C2876001C009B5D63 /* Rubik-Black.ttf */; };
		AB600D5128760117009B5D63 /* TimeInfoModel.swift in Sources */ = {isa = PBXBuildFile; fileRef = AB600D5028760117009B5D63 /* TimeInfoModel.swift */; };
		AB600D532876015B009B5D63 /* TimeFramesModel.swift in Sources */ = {isa = PBXBuildFile; fileRef = AB600D522876015B009B5D63 /* TimeFramesModel.swift */; };
		AB600D5528760169009B5D63 /* DailyModel.swift in Sources */ = {isa = PBXBuildFile; fileRef = AB600D5428760169009B5D63 /* DailyModel.swift */; };
		AB600D5928760754009B5D63 /* ViewModel.swift in Sources */ = {isa = PBXBuildFile; fileRef = AB600D5828760754009B5D63 /* ViewModel.swift */; };
		AB600D5D28761B7C009B5D63 /* RobsonView.swift in Sources */ = {isa = PBXBuildFile; fileRef = AB600D5C28761B7C009B5D63 /* RobsonView.swift */; };
		AB600D5F28761B8B009B5D63 /* NameView.swift in Sources */ = {isa = PBXBuildFile; fileRef = AB600D5E28761B8B009B5D63 /* NameView.swift */; };
		AB600D6128761D23009B5D63 /* ImageView.swift in Sources */ = {isa = PBXBuildFile; fileRef = AB600D6028761D23009B5D63 /* ImageView.swift */; };
		AB600D6328761E24009B5D63 /* TimeFrameView.swift in Sources */ = {isa = PBXBuildFile; fileRef = AB600D6228761E24009B5D63 /* TimeFrameView.swift */; };
		ABA7169D28772DC70043AF7E /* TopActivityCardView.swift in Sources */ = {isa = PBXBuildFile; fileRef = ABA7169C28772DC70043AF7E /* TopActivityCardView.swift */; };
		ABA716A128772EAA0043AF7E /* ActivityHoursView.swift in Sources */ = {isa = PBXBuildFile; fileRef = ABA716A028772EAA0043AF7E /* ActivityHoursView.swift */; };
		ABA716A328772F190043AF7E /* TimePeriodView.swift in Sources */ = {isa = PBXBuildFile; fileRef = ABA716A228772F190043AF7E /* TimePeriodView.swift */; };
		ABA716A52877304B0043AF7E /* ActivityEllipisView.swift in Sources */ = {isa = PBXBuildFile; fileRef = ABA716A42877304B0043AF7E /* ActivityEllipisView.swift */; };
		ABA716A7287731AD0043AF7E /* AllActivityCardsView.swift in Sources */ = {isa = PBXBuildFile; fileRef = ABA716A6287731AD0043AF7E /* AllActivityCardsView.swift */; };
		ABA716A928775C0B0043AF7E /* RectCardView.swift in Sources */ = {isa = PBXBuildFile; fileRef = ABA716A828775C0B0043AF7E /* RectCardView.swift */; };
		ABA716AD28776DC90043AF7E /* ActivityTitleView.swift in Sources */ = {isa = PBXBuildFile; fileRef = ABA716AC28776DC90043AF7E /* ActivityTitleView.swift */; };
/* End PBXBuildFile section */

/* Begin PBXFileReference section */
		AB600D302875FDE8009B5D63 /* FEMTimeTrackingDashboard.app */ = {isa = PBXFileReference; explicitFileType = wrapper.application; includeInIndex = 0; path = FEMTimeTrackingDashboard.app; sourceTree = BUILT_PRODUCTS_DIR; };
		AB600D332875FDE8009B5D63 /* FEMTimeTrackingDashboardApp.swift */ = {isa = PBXFileReference; lastKnownFileType = sourcecode.swift; path = FEMTimeTrackingDashboardApp.swift; sourceTree = "<group>"; };
		AB600D352875FDE8009B5D63 /* ContentView.swift */ = {isa = PBXFileReference; lastKnownFileType = sourcecode.swift; path = ContentView.swift; sourceTree = "<group>"; };
		AB600D372875FDE9009B5D63 /* Assets.xcassets */ = {isa = PBXFileReference; lastKnownFileType = folder.assetcatalog; path = Assets.xcassets; sourceTree = "<group>"; };
		AB600D3A2875FDE9009B5D63 /* Preview Assets.xcassets */ = {isa = PBXFileReference; lastKnownFileType = folder.assetcatalog; path = "Preview Assets.xcassets"; sourceTree = "<group>"; };
		AB600D412875FF27009B5D63 /* data.json */ = {isa = PBXFileReference; fileEncoding = 4; lastKnownFileType = text.json; path = data.json; sourceTree = "<group>"; };
		AB600D432875FFA2009B5D63 /* Extensions.swift */ = {isa = PBXFileReference; lastKnownFileType = sourcecode.swift; path = Extensions.swift; sourceTree = "<group>"; };
		AB600D4628760000009B5D63 /* Rubik-Regular.ttf */ = {isa = PBXFileReference; lastKnownFileType = file; path = "Rubik-Regular.ttf"; sourceTree = "<group>"; };
		AB600D4828760008009B5D63 /* Rubik-Medium.ttf */ = {isa = PBXFileReference; lastKnownFileType = file; path = "Rubik-Medium.ttf"; sourceTree = "<group>"; };
		AB600D4A28760010009B5D63 /* Rubik-Bold.ttf */ = {isa = PBXFileReference; lastKnownFileType = file; path = "Rubik-Bold.ttf"; sourceTree = "<group>"; };
		AB600D4C2876001C009B5D63 /* Rubik-Black.ttf */ = {isa = PBXFileReference; lastKnownFileType = file; path = "Rubik-Black.ttf"; sourceTree = "<group>"; };
		AB600D4E2876002A009B5D63 /* Info.plist */ = {isa = PBXFileReference; lastKnownFileType = text.plist; path = Info.plist; sourceTree = "<group>"; };
		AB600D5028760117009B5D63 /* TimeInfoModel.swift */ = {isa = PBXFileReference; lastKnownFileType = sourcecode.swift; path = TimeInfoModel.swift; sourceTree = "<group>"; };
		AB600D522876015B009B5D63 /* TimeFramesModel.swift */ = {isa = PBXFileReference; lastKnownFileType = sourcecode.swift; path = TimeFramesModel.swift; sourceTree = "<group>"; };
		AB600D5428760169009B5D63 /* DailyModel.swift */ = {isa = PBXFileReference; lastKnownFileType = sourcecode.swift; path = DailyModel.swift; sourceTree = "<group>"; };
		AB600D5828760754009B5D63 /* ViewModel.swift */ = {isa = PBXFileReference; lastKnownFileType = sourcecode.swift; path = ViewModel.swift; sourceTree = "<group>"; };
		AB600D5C28761B7C009B5D63 /* RobsonView.swift */ = {isa = PBXFileReference; lastKnownFileType = sourcecode.swift; path = RobsonView.swift; sourceTree = "<group>"; };
		AB600D5E28761B8B009B5D63 /* NameView.swift */ = {isa = PBXFileReference; lastKnownFileType = sourcecode.swift; path = NameView.swift; sourceTree = "<group>"; };
		AB600D6028761D23009B5D63 /* ImageView.swift */ = {isa = PBXFileReference; lastKnownFileType = sourcecode.swift; path = ImageView.swift; sourceTree = "<group>"; };
		AB600D6228761E24009B5D63 /* TimeFrameView.swift */ = {isa = PBXFileReference; lastKnownFileType = sourcecode.swift; path = TimeFrameView.swift; sourceTree = "<group>"; };
		ABA7169C28772DC70043AF7E /* TopActivityCardView.swift */ = {isa = PBXFileReference; lastKnownFileType = sourcecode.swift; path = TopActivityCardView.swift; sourceTree = "<group>"; };
		ABA716A028772EAA0043AF7E /* ActivityHoursView.swift */ = {isa = PBXFileReference; lastKnownFileType = sourcecode.swift; path = ActivityHoursView.swift; sourceTree = "<group>"; };
		ABA716A228772F190043AF7E /* TimePeriodView.swift */ = {isa = PBXFileReference; lastKnownFileType = sourcecode.swift; path = TimePeriodView.swift; sourceTree = "<group>"; };
		ABA716A42877304B0043AF7E /* ActivityEllipisView.swift */ = {isa = PBXFileReference; lastKnownFileType = sourcecode.swift; path = ActivityEllipisView.swift; sourceTree = "<group>"; };
		ABA716A6287731AD0043AF7E /* AllActivityCardsView.swift */ = {isa = PBXFileReference; lastKnownFileType = sourcecode.swift; path = AllActivityCardsView.swift; sourceTree = "<group>"; };
		ABA716A828775C0B0043AF7E /* RectCardView.swift */ = {isa = PBXFileReference; lastKnownFileType = sourcecode.swift; path = RectCardView.swift; sourceTree = "<group>"; };
		ABA716AC28776DC90043AF7E /* ActivityTitleView.swift */ = {isa = PBXFileReference; lastKnownFileType = sourcecode.swift; path = ActivityTitleView.swift; sourceTree = "<group>"; };
/* End PBXFileReference section */

/* Begin PBXFrameworksBuildPhase section */
		AB600D2D2875FDE8009B5D63 /* Frameworks */ = {
			isa = PBXFrameworksBuildPhase;
			buildActionMask = 2147483647;
			files = (
			);
			runOnlyForDeploymentPostprocessing = 0;
		};
/* End PBXFrameworksBuildPhase section */

/* Begin PBXGroup section */
		AB600D272875FDE8009B5D63 = {
			isa = PBXGroup;
			children = (
				AB600D322875FDE8009B5D63 /* FEMTimeTrackingDashboard */,
				AB600D312875FDE8009B5D63 /* Products */,
			);
			sourceTree = "<group>";
		};
		AB600D312875FDE8009B5D63 /* Products */ = {
			isa = PBXGroup;
			children = (
				AB600D302875FDE8009B5D63 /* FEMTimeTrackingDashboard.app */,
			);
			name = Products;
			sourceTree = "<group>";
		};
		AB600D322875FDE8009B5D63 /* FEMTimeTrackingDashboard */ = {
			isa = PBXGroup;
			children = (
				AB600D4E2876002A009B5D63 /* Info.plist */,
				AB600D332875FDE8009B5D63 /* FEMTimeTrackingDashboardApp.swift */,
				AB600D352875FDE8009B5D63 /* ContentView.swift */,
				ABA7169628772B000043AF7E /* RobsonCardView */,
				ABA7169728772B770043AF7E /* ActivityCardView */,
				AB600D5828760754009B5D63 /* ViewModel.swift */,
				AB600D4F287600EE009B5D63 /* Model */,
				AB600D412875FF27009B5D63 /* data.json */,
				AB600D452875FFE2009B5D63 /* Fonts */,
				AB600D372875FDE9009B5D63 /* Assets.xcassets */,
				AB600D392875FDE9009B5D63 /* Preview Content */,
				AB600D432875FFA2009B5D63 /* Extensions.swift */,
			);
			path = FEMTimeTrackingDashboard;
			sourceTree = "<group>";
		};
		AB600D392875FDE9009B5D63 /* Preview Content */ = {
			isa = PBXGroup;
			children = (
				AB600D3A2875FDE9009B5D63 /* Preview Assets.xcassets */,
			);
			path = "Preview Content";
			sourceTree = "<group>";
		};
		AB600D452875FFE2009B5D63 /* Fonts */ = {
			isa = PBXGroup;
			children = (
				AB600D4628760000009B5D63 /* Rubik-Regular.ttf */,
				AB600D4828760008009B5D63 /* Rubik-Medium.ttf */,
				AB600D4A28760010009B5D63 /* Rubik-Bold.ttf */,
				AB600D4C2876001C009B5D63 /* Rubik-Black.ttf */,
			);
			path = Fonts;
			sourceTree = "<group>";
		};
		AB600D4F287600EE009B5D63 /* Model */ = {
			isa = PBXGroup;
			children = (
				AB600D5028760117009B5D63 /* TimeInfoModel.swift */,
				AB600D522876015B009B5D63 /* TimeFramesModel.swift */,
				AB600D5428760169009B5D63 /* DailyModel.swift */,
			);
			path = Model;
			sourceTree = "<group>";
		};
		ABA7169628772B000043AF7E /* RobsonCardView */ = {
			isa = PBXGroup;
			children = (
				AB600D5C28761B7C009B5D63 /* RobsonView.swift */,
				AB600D6028761D23009B5D63 /* ImageView.swift */,
				AB600D5E28761B8B009B5D63 /* NameView.swift */,
				AB600D6228761E24009B5D63 /* TimeFrameView.swift */,
			);
			path = RobsonCardView;
			sourceTree = "<group>";
		};
		ABA7169728772B770043AF7E /* ActivityCardView */ = {
			isa = PBXGroup;
			children = (
				ABA716A6287731AD0043AF7E /* AllActivityCardsView.swift */,
				ABA716A828775C0B0043AF7E /* RectCardView.swift */,
				ABA7169C28772DC70043AF7E /* TopActivityCardView.swift */,
				ABA716A028772EAA0043AF7E /* ActivityHoursView.swift */,
				ABA716A42877304B0043AF7E /* ActivityEllipisView.swift */,
				ABA716A228772F190043AF7E /* TimePeriodView.swift */,
				ABA716AC28776DC90043AF7E /* ActivityTitleView.swift */,
			);
			path = ActivityCardView;
			sourceTree = "<group>";
		};
/* End PBXGroup section */

/* Begin PBXNativeTarget section */
		AB600D2F2875FDE8009B5D63 /* FEMTimeTrackingDashboard */ = {
			isa = PBXNativeTarget;
			buildConfigurationList = AB600D3E2875FDE9009B5D63 /* Build configuration list for PBXNativeTarget "FEMTimeTrackingDashboard" */;
			buildPhases = (
				AB600D2C2875FDE8009B5D63 /* Sources */,
				AB600D2D2875FDE8009B5D63 /* Frameworks */,
				AB600D2E2875FDE8009B5D63 /* Resources */,
			);
			buildRules = (
			);
			dependencies = (
			);
			name = FEMTimeTrackingDashboard;
			productName = FEMTimeTrackingDashboard;
			productReference = AB600D302875FDE8009B5D63 /* FEMTimeTrackingDashboard.app */;
			productType = "com.apple.product-type.application";
		};
/* End PBXNativeTarget section */

/* Begin PBXProject section */
		AB600D282875FDE8009B5D63 /* Project object */ = {
			isa = PBXProject;
			attributes = {
				BuildIndependentTargetsInParallel = 1;
				LastSwiftUpdateCheck = 1340;
				LastUpgradeCheck = 1340;
				TargetAttributes = {
					AB600D2F2875FDE8009B5D63 = {
						CreatedOnToolsVersion = 13.4.1;
					};
				};
			};
			buildConfigurationList = AB600D2B2875FDE8009B5D63 /* Build configuration list for PBXProject "FEMTimeTrackingDashboard" */;
			compatibilityVersion = "Xcode 13.0";
			developmentRegion = en;
			hasScannedForEncodings = 0;
			knownRegions = (
				en,
				Base,
			);
			mainGroup = AB600D272875FDE8009B5D63;
			productRefGroup = AB600D312875FDE8009B5D63 /* Products */;
			projectDirPath = "";
			projectRoot = "";
			targets = (
				AB600D2F2875FDE8009B5D63 /* FEMTimeTrackingDashboard */,
			);
		};
/* End PBXProject section */

/* Begin PBXResourcesBuildPhase section */
		AB600D2E2875FDE8009B5D63 /* Resources */ = {
			isa = PBXResourcesBuildPhase;
			buildActionMask = 2147483647;
			files = (
				AB600D3B2875FDE9009B5D63 /* Preview Assets.xcassets in Resources */,
				AB600D4B28760010009B5D63 /* Rubik-Bold.ttf in Resources */,
				AB600D4728760000009B5D63 /* Rubik-Regular.ttf in Resources */,
				AB600D4D2876001C009B5D63 /* Rubik-Black.ttf in Resources */,
				AB600D422875FF27009B5D63 /* data.json in Resources */,
				AB600D382875FDE9009B5D63 /* Assets.xcassets in Resources */,
				AB600D4928760008009B5D63 /* Rubik-Medium.ttf in Resources */,
			);
			runOnlyForDeploymentPostprocessing = 0;
		};
/* End PBXResourcesBuildPhase section */

/* Begin PBXSourcesBuildPhase section */
		AB600D2C2875FDE8009B5D63 /* Sources */ = {
			isa = PBXSourcesBuildPhase;
			buildActionMask = 2147483647;
			files = (
				ABA716A7287731AD0043AF7E /* AllActivityCardsView.swift in Sources */,
				AB600D362875FDE8009B5D63 /* ContentView.swift in Sources */,
				ABA716A928775C0B0043AF7E /* RectCardView.swift in Sources */,
				AB600D5528760169009B5D63 /* DailyModel.swift in Sources */,
				ABA7169D28772DC70043AF7E /* TopActivityCardView.swift in Sources */,
				AB600D6328761E24009B5D63 /* TimeFrameView.swift in Sources */,
				ABA716A328772F190043AF7E /* TimePeriodView.swift in Sources */,
				AB600D442875FFA2009B5D63 /* Extensions.swift in Sources */,
				AB600D6128761D23009B5D63 /* ImageView.swift in Sources */,
				ABA716AD28776DC90043AF7E /* ActivityTitleView.swift in Sources */,
				AB600D5128760117009B5D63 /* TimeInfoModel.swift in Sources */,
				AB600D342875FDE8009B5D63 /* FEMTimeTrackingDashboardApp.swift in Sources */,
				AB600D5D28761B7C009B5D63 /* RobsonView.swift in Sources */,
				ABA716A128772EAA0043AF7E /* ActivityHoursView.swift in Sources */,
				AB600D5F28761B8B009B5D63 /* NameView.swift in Sources */,
				AB600D5928760754009B5D63 /* ViewModel.swift in Sources */,
				ABA716A52877304B0043AF7E /* ActivityEllipisView.swift in Sources */,
				AB600D532876015B009B5D63 /* TimeFramesModel.swift in Sources */,
			);
			runOnlyForDeploymentPostprocessing = 0;
		};
/* End PBXSourcesBuildPhase section */

/* Begin XCBuildConfiguration section */
		AB600D3C2875FDE9009B5D63 /* Debug */ = {
			isa = XCBuildConfiguration;
			buildSettings = {
				ALWAYS_SEARCH_USER_PATHS = NO;
				CLANG_ANALYZER_NONNULL = YES;
				CLANG_ANALYZER_NUMBER_OBJECT_CONVERSION = YES_AGGRESSIVE;
				CLANG_CXX_LANGUAGE_STANDARD = "gnu++17";
				CLANG_ENABLE_MODULES = YES;
				CLANG_ENABLE_OBJC_ARC = YES;
				CLANG_ENABLE_OBJC_WEAK = YES;
				CLANG_WARN_BLOCK_CAPTURE_AUTORELEASING = YES;
				CLANG_WARN_BOOL_CONVERSION = YES;
				CLANG_WARN_COMMA = YES;
				CLANG_WARN_CONSTANT_CONVERSION = YES;
				CLANG_WARN_DEPRECATED_OBJC_IMPLEMENTATIONS = YES;
				CLANG_WARN_DIRECT_OBJC_ISA_USAGE = YES_ERROR;
				CLANG_WARN_DOCUMENTATION_COMMENTS = YES;
				CLANG_WARN_EMPTY_BODY = YES;
				CLANG_WARN_ENUM_CONVERSION = YES;
				CLANG_WARN_INFINITE_RECURSION = YES;
				CLANG_WARN_INT_CONVERSION = YES;
				CLANG_WARN_NON_LITERAL_NULL_CONVERSION = YES;
				CLANG_WARN_OBJC_IMPLICIT_RETAIN_SELF = YES;
				CLANG_WARN_OBJC_LITERAL_CONVERSION = YES;
				CLANG_WARN_OBJC_ROOT_CLASS = YES_ERROR;
				CLANG_WARN_QUOTED_INCLUDE_IN_FRAMEWORK_HEADER = YES;
				CLANG_WARN_RANGE_LOOP_ANALYSIS = YES;
				CLANG_WARN_STRICT_PROTOTYPES = YES;
				CLANG_WARN_SUSPICIOUS_MOVE = YES;
				CLANG_WARN_UNGUARDED_AVAILABILITY = YES_AGGRESSIVE;
				CLANG_WARN_UNREACHABLE_CODE = YES;
				CLANG_WARN__DUPLICATE_METHOD_MATCH = YES;
				COPY_PHASE_STRIP = NO;
				DEBUG_INFORMATION_FORMAT = dwarf;
				ENABLE_STRICT_OBJC_MSGSEND = YES;
				ENABLE_TESTABILITY = YES;
				GCC_C_LANGUAGE_STANDARD = gnu11;
				GCC_DYNAMIC_NO_PIC = NO;
				GCC_NO_COMMON_BLOCKS = YES;
				GCC_OPTIMIZATION_LEVEL = 0;
				GCC_PREPROCESSOR_DEFINITIONS = (
					"DEBUG=1",
					"$(inherited)",
				);
				GCC_WARN_64_TO_32_BIT_CONVERSION = YES;
				GCC_WARN_ABOUT_RETURN_TYPE = YES_ERROR;
				GCC_WARN_UNDECLARED_SELECTOR = YES;
				GCC_WARN_UNINITIALIZED_AUTOS = YES_AGGRESSIVE;
				GCC_WARN_UNUSED_FUNCTION = YES;
				GCC_WARN_UNUSED_VARIABLE = YES;
				IPHONEOS_DEPLOYMENT_TARGET = 15.5;
				MTL_ENABLE_DEBUG_INFO = INCLUDE_SOURCE;
				MTL_FAST_MATH = YES;
				ONLY_ACTIVE_ARCH = YES;
				SDKROOT = iphoneos;
				SWIFT_ACTIVE_COMPILATION_CONDITIONS = DEBUG;
				SWIFT_OPTIMIZATION_LEVEL = "-Onone";
			};
			name = Debug;
		};
		AB600D3D2875FDE9009B5D63 /* Release */ = {
			isa = XCBuildConfiguration;
			buildSettings = {
				ALWAYS_SEARCH_USER_PATHS = NO;
				CLANG_ANALYZER_NONNULL = YES;
				CLANG_ANALYZER_NUMBER_OBJECT_CONVERSION = YES_AGGRESSIVE;
				CLANG_CXX_LANGUAGE_STANDARD = "gnu++17";
				CLANG_ENABLE_MODULES = YES;
				CLANG_ENABLE_OBJC_ARC = YES;
				CLANG_ENABLE_OBJC_WEAK = YES;
				CLANG_WARN_BLOCK_CAPTURE_AUTORELEASING = YES;
				CLANG_WARN_BOOL_CONVERSION = YES;
				CLANG_WARN_COMMA = YES;
				CLANG_WARN_CONSTANT_CONVERSION = YES;
				CLANG_WARN_DEPRECATED_OBJC_IMPLEMENTATIONS = YES;
				CLANG_WARN_DIRECT_OBJC_ISA_USAGE = YES_ERROR;
				CLANG_WARN_DOCUMENTATION_COMMENTS = YES;
				CLANG_WARN_EMPTY_BODY = YES;
				CLANG_WARN_ENUM_CONVERSION = YES;
				CLANG_WARN_INFINITE_RECURSION = YES;
				CLANG_WARN_INT_CONVERSION = YES;
				CLANG_WARN_NON_LITERAL_NULL_CONVERSION = YES;
				CLANG_WARN_OBJC_IMPLICIT_RETAIN_SELF = YES;
				CLANG_WARN_OBJC_LITERAL_CONVERSION = YES;
				CLANG_WARN_OBJC_ROOT_CLASS = YES_ERROR;
				CLANG_WARN_QUOTED_INCLUDE_IN_FRAMEWORK_HEADER = YES;
				CLANG_WARN_RANGE_LOOP_ANALYSIS = YES;
				CLANG_WARN_STRICT_PROTOTYPES = YES;
				CLANG_WARN_SUSPICIOUS_MOVE = YES;
				CLANG_WARN_UNGUARDED_AVAILABILITY = YES_AGGRESSIVE;
				CLANG_WARN_UNREACHABLE_CODE = YES;
				CLANG_WARN__DUPLICATE_METHOD_MATCH = YES;
				COPY_PHASE_STRIP = NO;
				DEBUG_INFORMATION_FORMAT = "dwarf-with-dsym";
				ENABLE_NS_ASSERTIONS = NO;
				ENABLE_STRICT_OBJC_MSGSEND = YES;
				GCC_C_LANGUAGE_STANDARD = gnu11;
				GCC_NO_COMMON_BLOCKS = YES;
				GCC_WARN_64_TO_32_BIT_CONVERSION = YES;
				GCC_WARN_ABOUT_RETURN_TYPE = YES_ERROR;
				GCC_WARN_UNDECLARED_SELECTOR = YES;
				GCC_WARN_UNINITIALIZED_AUTOS = YES_AGGRESSIVE;
				GCC_WARN_UNUSED_FUNCTION = YES;
				GCC_WARN_UNUSED_VARIABLE = YES;
				IPHONEOS_DEPLOYMENT_TARGET = 15.5;
				MTL_ENABLE_DEBUG_INFO = NO;
				MTL_FAST_MATH = YES;
				SDKROOT = iphoneos;
				SWIFT_COMPILATION_MODE = wholemodule;
				SWIFT_OPTIMIZATION_LEVEL = "-O";
				VALIDATE_PRODUCT = YES;
			};
			name = Release;
		};
		AB600D3F2875FDE9009B5D63 /* Debug */ = {
			isa = XCBuildConfiguration;
			buildSettings = {
				ASSETCATALOG_COMPILER_APPICON_NAME = AppIcon;
				ASSETCATALOG_COMPILER_GLOBAL_ACCENT_COLOR_NAME = AccentColor;
				CODE_SIGN_STYLE = Automatic;
				CURRENT_PROJECT_VERSION = 1;
				DEVELOPMENT_ASSET_PATHS = "\"FEMTimeTrackingDashboard/Preview Content\"";
				DEVELOPMENT_TEAM = 25MBFXXLA7;
				ENABLE_PREVIEWS = YES;
				GENERATE_INFOPLIST_FILE = YES;
				INFOPLIST_FILE = FEMTimeTrackingDashboard/Info.plist;
				INFOPLIST_KEY_UIApplicationSceneManifest_Generation = YES;
				INFOPLIST_KEY_UIApplicationSupportsIndirectInputEvents = YES;
				INFOPLIST_KEY_UILaunchScreen_Generation = YES;
				INFOPLIST_KEY_UISupportedInterfaceOrientations = "UIInterfaceOrientationPortraitUpsideDown UIInterfaceOrientationPortrait";
				INFOPLIST_KEY_UISupportedInterfaceOrientations_iPad = "UIInterfaceOrientationPortrait UIInterfaceOrientationPortraitUpsideDown UIInterfaceOrientationLandscapeLeft UIInterfaceOrientationLandscapeRight";
				INFOPLIST_KEY_UISupportedInterfaceOrientations_iPhone = "UIInterfaceOrientationPortrait UIInterfaceOrientationLandscapeLeft UIInterfaceOrientationLandscapeRight";
				LD_RUNPATH_SEARCH_PATHS = (
					"$(inherited)",
					"@executable_path/Frameworks",
				);
				MARKETING_VERSION = 1.0;
				PRODUCT_BUNDLE_IDENTIFIER = co.rar.FEMTimeTrackingDashboard;
				PRODUCT_NAME = "$(TARGET_NAME)";
				SWIFT_EMIT_LOC_STRINGS = YES;
				SWIFT_VERSION = 5.0;
				TARGETED_DEVICE_FAMILY = 1;
			};
			name = Debug;
		};
		AB600D402875FDE9009B5D63 /* Release */ = {
			isa = XCBuildConfiguration;
			buildSettings = {
				ASSETCATALOG_COMPILER_APPICON_NAME = AppIcon;
				ASSETCATALOG_COMPILER_GLOBAL_ACCENT_COLOR_NAME = AccentColor;
				CODE_SIGN_STYLE = Automatic;
				CURRENT_PROJECT_VERSION = 1;
				DEVELOPMENT_ASSET_PATHS = "\"FEMTimeTrackingDashboard/Preview Content\"";
				DEVELOPMENT_TEAM = 25MBFXXLA7;
				ENABLE_PREVIEWS = YES;
				GENERATE_INFOPLIST_FILE = YES;
				INFOPLIST_FILE = FEMTimeTrackingDashboard/Info.plist;
				INFOPLIST_KEY_UIApplicationSceneManifest_Generation = YES;
				INFOPLIST_KEY_UIApplicationSupportsIndirectInputEvents = YES;
				INFOPLIST_KEY_UILaunchScreen_Generation = YES;
				INFOPLIST_KEY_UISupportedInterfaceOrientations = "UIInterfaceOrientationPortraitUpsideDown UIInterfaceOrientationPortrait";
				INFOPLIST_KEY_UISupportedInterfaceOrientations_iPad = "UIInterfaceOrientationPortrait UIInterfaceOrientationPortraitUpsideDown UIInterfaceOrientationLandscapeLeft UIInterfaceOrientationLandscapeRight";
				INFOPLIST_KEY_UISupportedInterfaceOrientations_iPhone = "UIInterfaceOrientationPortrait UIInterfaceOrientationLandscapeLeft UIInterfaceOrientationLandscapeRight";
				LD_RUNPATH_SEARCH_PATHS = (
					"$(inherited)",
					"@executable_path/Frameworks",
				);
				MARKETING_VERSION = 1.0;
				PRODUCT_BUNDLE_IDENTIFIER = co.rar.FEMTimeTrackingDashboard;
				PRODUCT_NAME = "$(TARGET_NAME)";
				SWIFT_EMIT_LOC_STRINGS = YES;
				SWIFT_VERSION = 5.0;
				TARGETED_DEVICE_FAMILY = 1;
			};
			name = Release;
		};
/* End XCBuildConfiguration section */

/* Begin XCConfigurationList section */
		AB600D2B2875FDE8009B5D63 /* Build configuration list for PBXProject "FEMTimeTrackingDashboard" */ = {
			isa = XCConfigurationList;
			buildConfigurations = (
				AB600D3C2875FDE9009B5D63 /* Debug */,
				AB600D3D2875FDE9009B5D63 /* Release */,
			);
			defaultConfigurationIsVisible = 0;
			defaultConfigurationName = Release;
		};
		AB600D3E2875FDE9009B5D63 /* Build configuration list for PBXNativeTarget "FEMTimeTrackingDashboard" */ = {
			isa = XCConfigurationList;
			buildConfigurations = (
				AB600D3F2875FDE9009B5D63 /* Debug */,
				AB600D402875FDE9009B5D63 /* Release */,
			);
			defaultConfigurationIsVisible = 0;
			defaultConfigurationName = Release;
		};
/* End XCConfigurationList section */
	};
	rootObject = AB600D282875FDE8009B5D63 /* Project object */;
}
